# THIS IS AN AUTOGENERATED FILE. DO NOT EDIT THIS FILE DIRECTLY.
# yarn lockfile v1
abstract-leveldown@~0.12.0:
  version "0.12.4"
  resolved "https://registry.yarnpkg.com/abstract-leveldown/-/abstract-leveldown-0.12.4.tgz#29e18e632e60e4e221d5810247852a63d7b2e410"
  dependencies:
    xtend "~3.0.0"

copy-paste:
  version "1.3.0"
  resolved "https://registry.yarnpkg.com/copy-paste/-/copy-paste-1.3.0.tgz#a7e6c4a1c28fdedf2b081e72b97df2ef95f471ed"
  dependencies:
    iconv-lite "^0.4.8"
  optionalDependencies:
    sync-exec "~0.6.x"

file-type@^3.8.0:
  version "3.8.0"
  resolved "https://registry.yarnpkg.com/file-type/-/file-type-3.8.0.tgz#bcadf6a8f624ebe4a10e5ad26727b6b93f16d78d"

iconv-lite@^0.4.8:
  version "0.4.13"
  resolved "https://registry.yarnpkg.com/iconv-lite/-/iconv-lite-0.4.13.tgz#1f88aba4ab0b1508e8312acc39345f36e992e2f2"

idb-wrapper@^1.5.0:
  version "1.7.1"
  resolved "https://registry.yarnpkg.com/idb-wrapper/-/idb-wrapper-1.7.1.tgz#6a32670122e173a84ecc5cfa9668fa2ceb221b04"

isbuffer@~0.0.0:
  version "0.0.0"
  resolved "https://registry.yarnpkg.com/isbuffer/-/isbuffer-0.0.0.tgz#38c146d9df528b8bf9b0701c3d43cf12df3fc39b"

jpeg-js@^0.2.0:
  version "0.2.0"
  resolved "https://registry.yarnpkg.com/jpeg-js/-/jpeg-js-0.2.0.tgz#53e448ec9d263e683266467e9442d2c5a2ef5482"

level-js@^2.2.4:
  version "2.2.4"
  resolved "https://registry.yarnpkg.com/level-js/-/level-js-2.2.4.tgz#bc055f4180635d4489b561c9486fa370e8c11697"
  dependencies:
    abstract-leveldown "~0.12.0"
    idb-wrapper "^1.5.0"
    isbuffer "~0.0.0"
    ltgt "^2.1.2"
    typedarray-to-buffer "~1.0.0"
    xtend "~2.1.2"

ltgt@^2.1.2:
  version "2.1.2"
  resolved "https://registry.yarnpkg.com/ltgt/-/ltgt-2.1.2.tgz#e7472324fee690afc0d5ecf900403ce5788a311d"

object-assign@^4.1.0:
  version "4.1.0"
  resolved "https://registry.yarnpkg.com/object-assign/-/object-assign-4.1.0.tgz#7a3b3d0e98063d43f4c03f2e8ae6cd51a86883a0"

object-keys@~0.4.0:
  version "0.4.0"
  resolved "https://registry.yarnpkg.com/object-keys/-/object-keys-0.4.0.tgz#28a6aae7428dd2c3a92f3d95f21335dd204e0336"

png.js@^0.2.1:
  version "0.2.1"
  resolved "https://registry.yarnpkg.com/png.js/-/png.js-0.2.1.tgz#da6b83c134bdc101940d9ab1c98e9154affbb1f2"

sync-exec@~0.6.x:
  version "0.6.2"
  resolved "https://registry.yarnpkg.com/sync-exec/-/sync-exec-0.6.2.tgz#717d22cc53f0ce1def5594362f3a89a2ebb91105"

tesseract.js:
  version "1.0.3"
  resolved "https://registry.yarnpkg.com/tesseract.js/-/tesseract.js-1.0.3.tgz#08ff342a785863de6b3af4235a4049a4de38a7c1"
  dependencies:
    file-type "^3.8.0"
    jpeg-js "^0.2.0"
    level-js "^2.2.4"
    object-assign "^4.1.0"
    png.js "^0.2.1"
    tesseract.js-core "^1.0.2"

tesseract.js-core@^1.0.2:
  version "1.0.2"
  resolved "https://registry.yarnpkg.com/tesseract.js-core/-/tesseract.js-core-1.0.2.tgz#1ce33a29dc812357b8356a30ededf8b188043b37"

typedarray-to-buffer@~1.0.0:
  version "1.0.4"
  resolved "https://registry.yarnpkg.com/typedarray-to-buffer/-/typedarray-to-buffer-1.0.4.tgz#9bb8ba0e841fb3f4cf1fe7c245e9f3fa8a5fe99c"

xtend@~2.1.2:
  version "2.1.2"
  resolved "https://registry.yarnpkg.com/xtend/-/xtend-2.1.2.tgz#6efecc2a4dad8e6962c4901b337ce7ba87b5d28b"
  dependencies:
    object-keys "~0.4.0"

xtend@~3.0.0:
  version "3.0.0"
  resolved "https://registry.yarnpkg.com/xtend/-/xtend-3.0.0.tgz#5cce7407baf642cba7becda568111c493f59665a"

